// !$*UTF8*$!
{
	archiveVersion = 1;
	classes = {
	};
	objectVersion = 46;
	objects = {

/* Begin PBXBuildFile section */
		82AF191C1C01040100D859D0 /* AppDelegate.swift in Sources */ = {isa = PBXBuildFile; fileRef = 82AF191B1C01040100D859D0 /* AppDelegate.swift */; };
		82AF191E1C01040100D859D0 /* ViewController.swift in Sources */ = {isa = PBXBuildFile; fileRef = 82AF191D1C01040100D859D0 /* ViewController.swift */; };
		82AF19211C01040100D859D0 /* Main.storyboard in Resources */ = {isa = PBXBuildFile; fileRef = 82AF191F1C01040100D859D0 /* Main.storyboard */; };
		82AF19231C01040100D859D0 /* Assets.xcassets in Resources */ = {isa = PBXBuildFile; fileRef = 82AF19221C01040100D859D0 /* Assets.xcassets */; };
		82AF19261C01040100D859D0 /* LaunchScreen.storyboard in Resources */ = {isa = PBXBuildFile; fileRef = 82AF19241C01040100D859D0 /* LaunchScreen.storyboard */; };
		82AF19821C01062600D859D0 /* libvenmo-sdk.a in Frameworks */ = {isa = PBXBuildFile; fileRef = 82AF197D1C01060A00D859D0 /* libvenmo-sdk.a */; };
		82AF19841C0106EB00D859D0 /* MyoKit.framework in Frameworks */ = {isa = PBXBuildFile; fileRef = 82AF19831C0106EB00D859D0 /* MyoKit.framework */; };
/* End PBXBuildFile section */

/* Begin PBXContainerItemProxy section */
		82AF197C1C01060A00D859D0 /* PBXContainerItemProxy */ = {
			isa = PBXContainerItemProxy;
			containerPortal = 82AF19761C01060900D859D0 /* venmo-sdk.xcodeproj */;
			proxyType = 2;
			remoteGlobalIDString = 2D5EF54217EF41B100DDD15A;
			remoteInfo = "venmo-sdk";
		};
		82AF197E1C01060A00D859D0 /* PBXContainerItemProxy */ = {
			isa = PBXContainerItemProxy;
			containerPortal = 82AF19761C01060900D859D0 /* venmo-sdk.xcodeproj */;
			proxyType = 2;
			remoteGlobalIDString = 2D5EF55217EF41B100DDD15A;
			remoteInfo = "venmo-sdk-specs";
		};
		82AF19801C01060A00D859D0 /* PBXContainerItemProxy */ = {
			isa = PBXContainerItemProxy;
			containerPortal = 82AF19761C01060900D859D0 /* venmo-sdk.xcodeproj */;
			proxyType = 2;
			remoteGlobalIDString = EB49E22A19266E0D008EA5DC;
			remoteInfo = "venmo-sdk-integration-specs";
		};
/* End PBXContainerItemProxy section */

/* Begin PBXFileReference section */
		82AF19181C01040100D859D0 /* Pay It Forward.app */ = {isa = PBXFileReference; explicitFileType = wrapper.application; includeInIndex = 0; path = "Pay It Forward.app"; sourceTree = BUILT_PRODUCTS_DIR; };
		82AF191B1C01040100D859D0 /* AppDelegate.swift */ = {isa = PBXFileReference; lastKnownFileType = sourcecode.swift; path = AppDelegate.swift; sourceTree = "<group>"; };
		82AF191D1C01040100D859D0 /* ViewController.swift */ = {isa = PBXFileReference; lastKnownFileType = sourcecode.swift; path = ViewController.swift; sourceTree = "<group>"; };
		82AF19201C01040100D859D0 /* Base */ = {isa = PBXFileReference; lastKnownFileType = file.storyboard; name = Base; path = Base.lproj/Main.storyboard; sourceTree = "<group>"; };
		82AF19221C01040100D859D0 /* Assets.xcassets */ = {isa = PBXFileReference; lastKnownFileType = folder.assetcatalog; path = Assets.xcassets; sourceTree = "<group>"; };
		82AF19251C01040100D859D0 /* Base */ = {isa = PBXFileReference; lastKnownFileType = file.storyboard; name = Base; path = Base.lproj/LaunchScreen.storyboard; sourceTree = "<group>"; };
		82AF19271C01040100D859D0 /* Info.plist */ = {isa = PBXFileReference; lastKnownFileType = text.plist.xml; path = Info.plist; sourceTree = "<group>"; };
		82AF192D1C0104BF00D859D0 /* Pay It Forward-Bridging-Header.h */ = {isa = PBXFileReference; lastKnownFileType = sourcecode.c.h; path = "Pay It Forward-Bridging-Header.h"; sourceTree = "<group>"; };
		82AF19761C01060900D859D0 /* venmo-sdk.xcodeproj */ = {isa = PBXFileReference; lastKnownFileType = "wrapper.pb-project"; name = "venmo-sdk.xcodeproj"; path = "venmo-ios-sdk-master/venmo-sdk.xcodeproj"; sourceTree = SOURCE_ROOT; };
		82AF19831C0106EB00D859D0 /* MyoKit.framework */ = {isa = PBXFileReference; lastKnownFileType = wrapper.framework; path = MyoKit.framework; sourceTree = "<group>"; };
/* End PBXFileReference section */

/* Begin PBXFrameworksBuildPhase section */
		82AF19151C01040100D859D0 /* Frameworks */ = {
			isa = PBXFrameworksBuildPhase;
			buildActionMask = 2147483647;
			files = (
				82AF19821C01062600D859D0 /* libvenmo-sdk.a in Frameworks */,
				82AF19841C0106EB00D859D0 /* MyoKit.framework in Frameworks */,
			);
			runOnlyForDeploymentPostprocessing = 0;
		};
/* End PBXFrameworksBuildPhase section */

/* Begin PBXGroup section */
		82AF190F1C01040100D859D0 = {
			isa = PBXGroup;
			children = (
				82AF191A1C01040100D859D0 /* Pay It Forward */,
				82AF19191C01040100D859D0 /* Products */,
			);
			sourceTree = "<group>";
		};
		82AF19191C01040100D859D0 /* Products */ = {
			isa = PBXGroup;
			children = (
				82AF19181C01040100D859D0 /* Pay It Forward.app */,
			);
			name = Products;
			sourceTree = "<group>";
		};
		82AF191A1C01040100D859D0 /* Pay It Forward */ = {
			isa = PBXGroup;
			children = (
				82AF191B1C01040100D859D0 /* AppDelegate.swift */,
				82AF191D1C01040100D859D0 /* ViewController.swift */,
				82AF191F1C01040100D859D0 /* Main.storyboard */,
				82AF19221C01040100D859D0 /* Assets.xcassets */,
				82AF19241C01040100D859D0 /* LaunchScreen.storyboard */,
				82AF19271C01040100D859D0 /* Info.plist */,
				82AF192D1C0104BF00D859D0 /* Pay It Forward-Bridging-Header.h */,
				82AF19831C0106EB00D859D0 /* MyoKit.framework */,
				82AF19761C01060900D859D0 /* venmo-sdk.xcodeproj */,
			);
			path = "Pay It Forward";
			sourceTree = "<group>";
		};
		82AF19771C01060900D859D0 /* Products */ = {
			isa = PBXGroup;
			children = (
				82AF197D1C01060A00D859D0 /* libvenmo-sdk.a */,
				82AF197F1C01060A00D859D0 /* venmo-sdk-specs.xctest */,
				82AF19811C01060A00D859D0 /* venmo-sdk-integration-specs.xctest */,
			);
			name = Products;
			sourceTree = "<group>";
		};
/* End PBXGroup section */

/* Begin PBXNativeTarget section */
		82AF19171C01040100D859D0 /* Pay It Forward */ = {
			isa = PBXNativeTarget;
			buildConfigurationList = 82AF192A1C01040100D859D0 /* Build configuration list for PBXNativeTarget "Pay It Forward" */;
			buildPhases = (
				82AF19141C01040100D859D0 /* Sources */,
				82AF19151C01040100D859D0 /* Frameworks */,
				82AF19161C01040100D859D0 /* Resources */,
			);
			buildRules = (
			);
			dependencies = (
			);
			name = "Pay It Forward";
			productName = "Pay It Forward";
			productReference = 82AF19181C01040100D859D0 /* Pay It Forward.app */;
			productType = "com.apple.product-type.application";
		};
/* End PBXNativeTarget section */

/* Begin PBXProject section */
		82AF19101C01040100D859D0 /* Project object */ = {
			isa = PBXProject;
			attributes = {
				LastSwiftUpdateCheck = 0710;
				LastUpgradeCheck = 0710;
				ORGANIZATIONNAME = "Manav Gabhawala";
				TargetAttributes = {
					82AF19171C01040100D859D0 = {
						CreatedOnToolsVersion = 7.1.1;
					};
				};
			};
			buildConfigurationList = 82AF19131C01040100D859D0 /* Build configuration list for PBXProject "Pay It Forward" */;
			compatibilityVersion = "Xcode 3.2";
			developmentRegion = English;
			hasScannedForEncodings = 0;
			knownRegions = (
				en,
				Base,
			);
			mainGroup = 82AF190F1C01040100D859D0;
			productRefGroup = 82AF19191C01040100D859D0 /* Products */;
			projectDirPath = "";
			projectReferences = (
				{
					ProductGroup = 82AF19771C01060900D859D0 /* Products */;
					ProjectRef = 82AF19761C01060900D859D0 /* venmo-sdk.xcodeproj */;
				},
			);
			projectRoot = "";
			targets = (
				82AF19171C01040100D859D0 /* Pay It Forward */,
			);
		};
/* End PBXProject section */

/* Begin PBXReferenceProxy section */
		82AF197D1C01060A00D859D0 /* libvenmo-sdk.a */ = {
			isa = PBXReferenceProxy;
			fileType = archive.ar;
			path = "libvenmo-sdk.a";
			remoteRef = 82AF197C1C01060A00D859D0 /* PBXContainerItemProxy */;
			sourceTree = BUILT_PRODUCTS_DIR;
		};
		82AF197F1C01060A00D859D0 /* venmo-sdk-specs.xctest */ = {
			isa = PBXReferenceProxy;
			fileType = wrapper.cfbundle;
			path = "venmo-sdk-specs.xctest";
			remoteRef = 82AF197E1C01060A00D859D0 /* PBXContainerItemProxy */;
			sourceTree = BUILT_PRODUCTS_DIR;
		};
		82AF19811C01060A00D859D0 /* venmo-sdk-integration-specs.xctest */ = {
			isa = PBXReferenceProxy;
			fileType = wrapper.cfbundle;
			path = "venmo-sdk-integration-specs.xctest";
			remoteRef = 82AF19801C01060A00D859D0 /* PBXContainerItemProxy */;
			sourceTree = BUILT_PRODUCTS_DIR;
		};
/* End PBXReferenceProxy section */

/* Begin PBXResourcesBuildPhase section */
		82AF19161C01040100D859D0 /* Resources */ = {
			isa = PBXResourcesBuildPhase;
			buildActionMask = 2147483647;
			files = (
				82AF19261C01040100D859D0 /* LaunchScreen.storyboard in Resources */,
				82AF19231C01040100D859D0 /* Assets.xcassets in Resources */,
				82AF19211C01040100D859D0 /* Main.storyboard in Resources */,
			);
			runOnlyForDeploymentPostprocessing = 0;
		};
/* End PBXResourcesBuildPhase section */

/* Begin PBXSourcesBuildPhase section */
		82AF19141C01040100D859D0 /* Sources */ = {
			isa = PBXSourcesBuildPhase;
			buildActionMask = 2147483647;
			files = (
				82AF191E1C01040100D859D0 /* ViewController.swift in Sources */,
				82AF191C1C01040100D859D0 /* AppDelegate.swift in Sources */,
			);
			runOnlyForDeploymentPostprocessing = 0;
		};
/* End PBXSourcesBuildPhase section */

/* Begin PBXVariantGroup section */
		82AF191F1C01040100D859D0 /* Main.storyboard */ = {
			isa = PBXVariantGroup;
			children = (
				82AF19201C01040100D859D0 /* Base */,
			);
			name = Main.storyboard;
			sourceTree = "<group>";
		};
		82AF19241C01040100D859D0 /* LaunchScreen.storyboard */ = {
			isa = PBXVariantGroup;
			children = (
				82AF19251C01040100D859D0 /* Base */,
			);
			name = LaunchScreen.storyboard;
			sourceTree = "<group>";
		};
/* End PBXVariantGroup section */

/* Begin XCBuildConfiguration section */
		82AF19281C01040100D859D0 /* Debug */ = {
			isa = XCBuildConfiguration;
			buildSettings = {
				ALWAYS_SEARCH_USER_PATHS = NO;
				CLANG_CXX_LANGUAGE_STANDARD = "gnu++0x";
				CLANG_CXX_LIBRARY = "libc++";
				CLANG_ENABLE_MODULES = YES;
				CLANG_ENABLE_OBJC_ARC = YES;
				CLANG_WARN_BOOL_CONVERSION = YES;
				CLANG_WARN_CONSTANT_CONVERSION = YES;
				CLANG_WARN_DIRECT_OBJC_ISA_USAGE = YES_ERROR;
				CLANG_WARN_EMPTY_BODY = YES;
				CLANG_WARN_ENUM_CONVERSION = YES;
				CLANG_WARN_INT_CONVERSION = YES;
				CLANG_WARN_OBJC_ROOT_CLASS = YES_ERROR;
				CLANG_WARN_UNREACHABLE_CODE = YES;
				CLANG_WARN__DUPLICATE_METHOD_MATCH = YES;
				"CODE_SIGN_IDENTITY[sdk=iphoneos*]" = "iPhone Developer";
				COPY_PHASE_STRIP = NO;
				DEBUG_INFORMATION_FORMAT = dwarf;
				ENABLE_STRICT_OBJC_MSGSEND = YES;
				ENABLE_TESTABILITY = YES;
				GCC_C_LANGUAGE_STANDARD = gnu99;
				GCC_DYNAMIC_NO_PIC = NO;
				GCC_NO_COMMON_BLOCKS = YES;
				GCC_OPTIMIZATION_LEVEL = 0;
				GCC_PREPROCESSOR_DEFINITIONS = (
					"DEBUG=1",
					"$(inherited)",
				);
				GCC_WARN_64_TO_32_BIT_CONVERSION = YES;
				GCC_WARN_ABOUT_RETURN_TYPE = YES_ERROR;
				GCC_WARN_UNDECLARED_SELECTOR = YES;
				GCC_WARN_UNINITIALIZED_AUTOS = YES_AGGRESSIVE;
				GCC_WARN_UNUSED_FUNCTION = YES;
				GCC_WARN_UNUSED_VARIABLE = YES;
				IPHONEOS_DEPLOYMENT_TARGET = 9.1;
				MTL_ENABLE_DEBUG_INFO = YES;
				ONLY_ACTIVE_ARCH = YES;
				SDKROOT = iphoneos;
				SWIFT_OPTIMIZATION_LEVEL = "-Onone";
				TARGETED_DEVICE_FAMILY = "1,2";
			};
			name = Debug;
		};
		82AF19291C01040100D859D0 /* Release */ = {
			isa = XCBuildConfiguration;
			buildSettings = {
				ALWAYS_SEARCH_USER_PATHS = NO;
				CLANG_CXX_LANGUAGE_STANDARD = "gnu++0x";
				CLANG_CXX_LIBRARY = "libc++";
				CLANG_ENABLE_MODULES = YES;
				CLANG_ENABLE_OBJC_ARC = YES;
				CLANG_WARN_BOOL_CONVERSION = YES;
				CLANG_WARN_CONSTANT_CONVERSION = YES;
				CLANG_WARN_DIRECT_OBJC_ISA_USAGE = YES_ERROR;
				CLANG_WARN_EMPTY_BODY = YES;
				CLANG_WARN_ENUM_CONVERSION = YES;
				CLANG_WARN_INT_CONVERSION = YES;
				CLANG_WARN_OBJC_ROOT_CLASS = YES_ERROR;
				CLANG_WARN_UNREACHABLE_CODE = YES;
				CLANG_WARN__DUPLICATE_METHOD_MATCH = YES;
				"CODE_SIGN_IDENTITY[sdk=iphoneos*]" = "iPhone Developer";
				COPY_PHASE_STRIP = NO;
				DEBUG_INFORMATION_FORMAT = "dwarf-with-dsym";
				ENABLE_NS_ASSERTIONS = NO;
				ENABLE_STRICT_OBJC_MSGSEND = YES;
				GCC_C_LANGUAGE_STANDARD = gnu99;
				GCC_NO_COMMON_BLOCKS = YES;
				GCC_WARN_64_TO_32_BIT_CONVERSION = YES;
				GCC_WARN_ABOUT_RETURN_TYPE = YES_ERROR;
				GCC_WARN_UNDECLARED_SELECTOR = YES;
				GCC_WARN_UNINITIALIZED_AUTOS = YES_AGGRESSIVE;
				GCC_WARN_UNUSED_FUNCTION = YES;
				GCC_WARN_UNUSED_VARIABLE = YES;
				IPHONEOS_DEPLOYMENT_TARGET = 9.1;
				MTL_ENABLE_DEBUG_INFO = NO;
				SDKROOT = iphoneos;
				TARGETED_DEVICE_FAMILY = "1,2";
				VALIDATE_PRODUCT = YES;
			};
			name = Release;
		};
		82AF192B1C01040100D859D0 /* Debug */ = {
			isa = XCBuildConfiguration;
			buildSettings = {
				ASSETCATALOG_COMPILER_APPICON_NAME = AppIcon;
				CLANG_ENABLE_MODULES = YES;
				FRAMEWORK_SEARCH_PATHS = (
					"$(inherited)",
					"$(PROJECT_DIR)/Pay",
					It,
					Forward,
				);
				INFOPLIST_FILE = "Pay It Forward/Info.plist";
				IPHONEOS_DEPLOYMENT_TARGET = 9.0;
				LD_RUNPATH_SEARCH_PATHS = "$(inherited) @executable_path/Frameworks";
				PRODUCT_BUNDLE_IDENTIFIER = "ManavGabhawala.Pay-It-Forward";
				PRODUCT_NAME = "$(TARGET_NAME)";
				SWIFT_OBJC_BRIDGING_HEADER = "Pay It Forward/Pay It Forward-Bridging-Header.h";
				SWIFT_OPTIMIZATION_LEVEL = "-Onone";
			};
			name = Debug;
		};
		82AF192C1C01040100D859D0 /* Release */ = {
			isa = XCBuildConfiguration;
			buildSettings = {
				ASSETCATALOG_COMPILER_APPICON_NAME = AppIcon;
				CLANG_ENABLE_MODULES = YES;
				FRAMEWORK_SEARCH_PATHS = (
					"$(inherited)",
					"$(PROJECT_DIR)/Pay",
					It,
					Forward,
				);
				INFOPLIST_FILE = "Pay It Forward/Info.plist";
				IPHONEOS_DEPLOYMENT_TARGET = 9.0;
				LD_RUNPATH_SEARCH_PATHS = "$(inherited) @executable_path/Frameworks";
				PRODUCT_BUNDLE_IDENTIFIER = "ManavGabhawala.Pay-It-Forward";
				PRODUCT_NAME = "$(TARGET_NAME)";
				SWIFT_OBJC_BRIDGING_HEADER = "Pay It Forward/Pay It Forward-Bridging-Header.h";
			};
			name = Release;
		};
/* End XCBuildConfiguration section */

/* Begin XCConfigurationList section */
		82AF19131C01040100D859D0 /* Build configuration list for PBXProject "Pay It Forward" */ = {
			isa = XCConfigurationList;
			buildConfigurations = (
				82AF19281C01040100D859D0 /* Debug */,
				82AF19291C01040100D859D0 /* Release */,
			);
			defaultConfigurationIsVisible = 0;
			defaultConfigurationName = Release;
		};
		82AF192A1C01040100D859D0 /* Build configuration list for PBXNativeTarget "Pay It Forward" */ = {
			isa = XCConfigurationList;
			buildConfigurations = (
				82AF192B1C01040100D859D0 /* Debug */,
				82AF192C1C01040100D859D0 /* Release */,
			);
			defaultConfigurationIsVisible = 0;
		};
/* End XCConfigurationList section */
	};
	rootObject = 82AF19101C01040100D859D0 /* Project object */;
}
