// !$*UTF8*$!
{
	archiveVersion = 1;
	classes = {
	};
	objectVersion = 46;
	objects = {

/* Begin PBXBuildFile section */
		82AF199F1C01141400D859D0 /* AppDelegate.swift in Sources */ = {isa = PBXBuildFile; fileRef = 82AF199E1C01141400D859D0 /* AppDelegate.swift */; };
		82AF19A11C01141400D859D0 /* ViewController.swift in Sources */ = {isa = PBXBuildFile; fileRef = 82AF19A01C01141400D859D0 /* ViewController.swift */; };
		82AF19A41C01141400D859D0 /* Main.storyboard in Resources */ = {isa = PBXBuildFile; fileRef = 82AF19A21C01141400D859D0 /* Main.storyboard */; };
		82AF19A61C01141400D859D0 /* Assets.xcassets in Resources */ = {isa = PBXBuildFile; fileRef = 82AF19A51C01141400D859D0 /* Assets.xcassets */; };
		82AF19A91C01141400D859D0 /* LaunchScreen.storyboard in Resources */ = {isa = PBXBuildFile; fileRef = 82AF19A71C01141400D859D0 /* LaunchScreen.storyboard */; };
		82AF19B11C01143300D859D0 /* MyoKit.framework in Frameworks */ = {isa = PBXBuildFile; fileRef = 82AF19B01C01143300D859D0 /* MyoKit.framework */; };
		82AF19B31C01156400D859D0 /* MGNearbyServiceBrowser.swift in Sources */ = {isa = PBXBuildFile; fileRef = 82AF19B21C01156400D859D0 /* MGNearbyServiceBrowser.swift */; };
		82AF19B51C0115C800D859D0 /* MGPeerID.swift in Sources */ = {isa = PBXBuildFile; fileRef = 82AF19B41C0115C800D859D0 /* MGPeerID.swift */; };
		82AF19B71C01192E00D859D0 /* MultipeerError.swift in Sources */ = {isa = PBXBuildFile; fileRef = 82AF19B61C01192E00D859D0 /* MultipeerError.swift */; };
		82AF19B91C01193900D859D0 /* MGNerabyServiceBrowserDelegate.swift in Sources */ = {isa = PBXBuildFile; fileRef = 82AF19B81C01193900D859D0 /* MGNerabyServiceBrowserDelegate.swift */; };
		82AF19BB1C01193F00D859D0 /* Extensions.swift in Sources */ = {isa = PBXBuildFile; fileRef = 82AF19BA1C01193F00D859D0 /* Extensions.swift */; };
		82AF19BE1C0121D200D859D0 /* VenmoDelegate.swift in Sources */ = {isa = PBXBuildFile; fileRef = 82AF19BD1C0121D200D859D0 /* VenmoDelegate.swift */; };
		82AF19C41C01431E00D859D0 /* CoreBluetooth.framework in Frameworks */ = {isa = PBXBuildFile; fileRef = 82AF19C31C01431E00D859D0 /* CoreBluetooth.framework */; };
		82AF19C61C01432500D859D0 /* SystemConfiguration.framework in Frameworks */ = {isa = PBXBuildFile; fileRef = 82AF19C51C01432500D859D0 /* SystemConfiguration.framework */; };
/* End PBXBuildFile section */

/* Begin PBXFileReference section */
		82AF199B1C01141400D859D0 /* Pay It Forward.app */ = {isa = PBXFileReference; explicitFileType = wrapper.application; includeInIndex = 0; path = "Pay It Forward.app"; sourceTree = BUILT_PRODUCTS_DIR; };
		82AF199E1C01141400D859D0 /* AppDelegate.swift */ = {isa = PBXFileReference; lastKnownFileType = sourcecode.swift; path = AppDelegate.swift; sourceTree = "<group>"; };
		82AF19A01C01141400D859D0 /* ViewController.swift */ = {isa = PBXFileReference; lastKnownFileType = sourcecode.swift; path = ViewController.swift; sourceTree = "<group>"; };
		82AF19A31C01141400D859D0 /* Base */ = {isa = PBXFileReference; lastKnownFileType = file.storyboard; name = Base; path = Base.lproj/Main.storyboard; sourceTree = "<group>"; };
		82AF19A51C01141400D859D0 /* Assets.xcassets */ = {isa = PBXFileReference; lastKnownFileType = folder.assetcatalog; path = Assets.xcassets; sourceTree = "<group>"; };
		82AF19A81C01141400D859D0 /* Base */ = {isa = PBXFileReference; lastKnownFileType = file.storyboard; name = Base; path = Base.lproj/LaunchScreen.storyboard; sourceTree = "<group>"; };
		82AF19AA1C01141400D859D0 /* Info.plist */ = {isa = PBXFileReference; lastKnownFileType = text.plist.xml; path = Info.plist; sourceTree = "<group>"; };
		82AF19B01C01143300D859D0 /* MyoKit.framework */ = {isa = PBXFileReference; lastKnownFileType = wrapper.framework; path = MyoKit.framework; sourceTree = "<group>"; };
		82AF19B21C01156400D859D0 /* MGNearbyServiceBrowser.swift */ = {isa = PBXFileReference; fileEncoding = 4; lastKnownFileType = sourcecode.swift; path = MGNearbyServiceBrowser.swift; sourceTree = "<group>"; };
		82AF19B41C0115C800D859D0 /* MGPeerID.swift */ = {isa = PBXFileReference; fileEncoding = 4; lastKnownFileType = sourcecode.swift; path = MGPeerID.swift; sourceTree = "<group>"; };
		82AF19B61C01192E00D859D0 /* MultipeerError.swift */ = {isa = PBXFileReference; fileEncoding = 4; lastKnownFileType = sourcecode.swift; path = MultipeerError.swift; sourceTree = "<group>"; };
		82AF19B81C01193900D859D0 /* MGNerabyServiceBrowserDelegate.swift */ = {isa = PBXFileReference; fileEncoding = 4; lastKnownFileType = sourcecode.swift; path = MGNerabyServiceBrowserDelegate.swift; sourceTree = "<group>"; };
		82AF19BA1C01193F00D859D0 /* Extensions.swift */ = {isa = PBXFileReference; fileEncoding = 4; lastKnownFileType = sourcecode.swift; path = Extensions.swift; sourceTree = "<group>"; };
		82AF19BD1C0121D200D859D0 /* VenmoDelegate.swift */ = {isa = PBXFileReference; fileEncoding = 4; lastKnownFileType = sourcecode.swift; path = VenmoDelegate.swift; sourceTree = "<group>"; };
		82AF19BF1C0141D000D859D0 /* Pay It Forward-Bridging-Header.h */ = {isa = PBXFileReference; lastKnownFileType = sourcecode.c.h; path = "Pay It Forward-Bridging-Header.h"; sourceTree = "<group>"; };
		82AF19C31C01431E00D859D0 /* CoreBluetooth.framework */ = {isa = PBXFileReference; lastKnownFileType = wrapper.framework; name = CoreBluetooth.framework; path = System/Library/Frameworks/CoreBluetooth.framework; sourceTree = SDKROOT; };
		82AF19C51C01432500D859D0 /* SystemConfiguration.framework */ = {isa = PBXFileReference; lastKnownFileType = wrapper.framework; name = SystemConfiguration.framework; path = System/Library/Frameworks/SystemConfiguration.framework; sourceTree = SDKROOT; };
/* End PBXFileReference section */

/* Begin PBXFrameworksBuildPhase section */
		82AF19981C01141400D859D0 /* Frameworks */ = {
			isa = PBXFrameworksBuildPhase;
			buildActionMask = 2147483647;
			files = (
				82AF19C61C01432500D859D0 /* SystemConfiguration.framework in Frameworks */,
				82AF19C41C01431E00D859D0 /* CoreBluetooth.framework in Frameworks */,
				82AF19B11C01143300D859D0 /* MyoKit.framework in Frameworks */,
			);
			runOnlyForDeploymentPostprocessing = 0;
		};
/* End PBXFrameworksBuildPhase section */

/* Begin PBXGroup section */
		82AF19921C01141400D859D0 = {
			isa = PBXGroup;
			children = (
				82AF19C51C01432500D859D0 /* SystemConfiguration.framework */,
				82AF19C31C01431E00D859D0 /* CoreBluetooth.framework */,
				82AF199D1C01141400D859D0 /* Pay It Forward */,
				82AF199C1C01141400D859D0 /* Products */,
			);
			sourceTree = "<group>";
		};
		82AF199C1C01141400D859D0 /* Products */ = {
			isa = PBXGroup;
			children = (
				82AF199B1C01141400D859D0 /* Pay It Forward.app */,
			);
			name = Products;
			sourceTree = "<group>";
		};
		82AF199D1C01141400D859D0 /* Pay It Forward */ = {
			isa = PBXGroup;
			children = (
				82AF199E1C01141400D859D0 /* AppDelegate.swift */,
				82AF19BA1C01193F00D859D0 /* Extensions.swift */,
				82AF19A01C01141400D859D0 /* ViewController.swift */,
				82AF19BD1C0121D200D859D0 /* VenmoDelegate.swift */,
				82AF19BC1C01194A00D859D0 /* Proximity Discovery */,
				82AF19A21C01141400D859D0 /* Main.storyboard */,
				82AF19A51C01141400D859D0 /* Assets.xcassets */,
				82AF19A71C01141400D859D0 /* LaunchScreen.storyboard */,
				82AF19AA1C01141400D859D0 /* Info.plist */,
				82AF19B01C01143300D859D0 /* MyoKit.framework */,
				82AF19BF1C0141D000D859D0 /* Pay It Forward-Bridging-Header.h */,
			);
			path = "Pay It Forward";
			sourceTree = "<group>";
		};
		82AF19BC1C01194A00D859D0 /* Proximity Discovery */ = {
			isa = PBXGroup;
			children = (
				82AF19B41C0115C800D859D0 /* MGPeerID.swift */,
				82AF19B21C01156400D859D0 /* MGNearbyServiceBrowser.swift */,
				82AF19B61C01192E00D859D0 /* MultipeerError.swift */,
				82AF19B81C01193900D859D0 /* MGNerabyServiceBrowserDelegate.swift */,
			);
			name = "Proximity Discovery";
			sourceTree = "<group>";
		};
/* End PBXGroup section */

/* Begin PBXNativeTarget section */
		82AF199A1C01141400D859D0 /* Pay It Forward */ = {
			isa = PBXNativeTarget;
			buildConfigurationList = 82AF19AD1C01141400D859D0 /* Build configuration list for PBXNativeTarget "Pay It Forward" */;
			buildPhases = (
				82AF19971C01141400D859D0 /* Sources */,
				82AF19981C01141400D859D0 /* Frameworks */,
				82AF19991C01141400D859D0 /* Resources */,
			);
			buildRules = (
			);
			dependencies = (
			);
			name = "Pay It Forward";
			productName = "Pay It Forward";
			productReference = 82AF199B1C01141400D859D0 /* Pay It Forward.app */;
			productType = "com.apple.product-type.application";
		};
/* End PBXNativeTarget section */

/* Begin PBXProject section */
		82AF19931C01141400D859D0 /* Project object */ = {
			isa = PBXProject;
			attributes = {
				LastSwiftUpdateCheck = 0710;
				LastUpgradeCheck = 0710;
				ORGANIZATIONNAME = "Manav Gabhawala";
				TargetAttributes = {
					82AF199A1C01141400D859D0 = {
						CreatedOnToolsVersion = 7.1.1;
						DevelopmentTeam = Y7CAGCHT9U;
						SystemCapabilities = {
							com.apple.BackgroundModes = {
								enabled = 1;
							};
						};
					};
				};
			};
			buildConfigurationList = 82AF19961C01141400D859D0 /* Build configuration list for PBXProject "Pay It Forward" */;
			compatibilityVersion = "Xcode 3.2";
			developmentRegion = English;
			hasScannedForEncodings = 0;
			knownRegions = (
				en,
				Base,
			);
			mainGroup = 82AF19921C01141400D859D0;
			productRefGroup = 82AF199C1C01141400D859D0 /* Products */;
			projectDirPath = "";
			projectRoot = "";
			targets = (
				82AF199A1C01141400D859D0 /* Pay It Forward */,
			);
		};
/* End PBXProject section */

/* Begin PBXResourcesBuildPhase section */
		82AF19991C01141400D859D0 /* Resources */ = {
			isa = PBXResourcesBuildPhase;
			buildActionMask = 2147483647;
			files = (
				82AF19A91C01141400D859D0 /* LaunchScreen.storyboard in Resources */,
				82AF19A61C01141400D859D0 /* Assets.xcassets in Resources */,
				82AF19A41C01141400D859D0 /* Main.storyboard in Resources */,
			);
			runOnlyForDeploymentPostprocessing = 0;
		};
/* End PBXResourcesBuildPhase section */

/* Begin PBXSourcesBuildPhase section */
		82AF19971C01141400D859D0 /* Sources */ = {
			isa = PBXSourcesBuildPhase;
			buildActionMask = 2147483647;
			files = (
				82AF19B91C01193900D859D0 /* MGNerabyServiceBrowserDelegate.swift in Sources */,
				82AF19A11C01141400D859D0 /* ViewController.swift in Sources */,
				82AF19B71C01192E00D859D0 /* MultipeerError.swift in Sources */,
				82AF19B31C01156400D859D0 /* MGNearbyServiceBrowser.swift in Sources */,
				82AF19B51C0115C800D859D0 /* MGPeerID.swift in Sources */,
				82AF199F1C01141400D859D0 /* AppDelegate.swift in Sources */,
				82AF19BE1C0121D200D859D0 /* VenmoDelegate.swift in Sources */,
				82AF19BB1C01193F00D859D0 /* Extensions.swift in Sources */,
			);
			runOnlyForDeploymentPostprocessing = 0;
		};
/* End PBXSourcesBuildPhase section */

/* Begin PBXVariantGroup section */
		82AF19A21C01141400D859D0 /* Main.storyboard */ = {
			isa = PBXVariantGroup;
			children = (
				82AF19A31C01141400D859D0 /* Base */,
			);
			name = Main.storyboard;
			sourceTree = "<group>";
		};
		82AF19A71C01141400D859D0 /* LaunchScreen.storyboard */ = {
			isa = PBXVariantGroup;
			children = (
				82AF19A81C01141400D859D0 /* Base */,
			);
			name = LaunchScreen.storyboard;
			sourceTree = "<group>";
		};
/* End PBXVariantGroup section */

/* Begin XCBuildConfiguration section */
		82AF19AB1C01141400D859D0 /* Debug */ = {
			isa = XCBuildConfiguration;
			buildSettings = {
				ALWAYS_SEARCH_USER_PATHS = NO;
				CLANG_CXX_LANGUAGE_STANDARD = "gnu++0x";
				CLANG_CXX_LIBRARY = "libc++";
				CLANG_ENABLE_MODULES = YES;
				CLANG_ENABLE_OBJC_ARC = YES;
				CLANG_WARN_BOOL_CONVERSION = YES;
				CLANG_WARN_CONSTANT_CONVERSION = YES;
				CLANG_WARN_DIRECT_OBJC_ISA_USAGE = YES_ERROR;
				CLANG_WARN_EMPTY_BODY = YES;
				CLANG_WARN_ENUM_CONVERSION = YES;
				CLANG_WARN_INT_CONVERSION = YES;
				CLANG_WARN_OBJC_ROOT_CLASS = YES_ERROR;
				CLANG_WARN_UNREACHABLE_CODE = YES;
				CLANG_WARN__DUPLICATE_METHOD_MATCH = YES;
				"CODE_SIGN_IDENTITY[sdk=iphoneos*]" = "iPhone Developer";
				COPY_PHASE_STRIP = NO;
				DEBUG_INFORMATION_FORMAT = dwarf;
				ENABLE_STRICT_OBJC_MSGSEND = YES;
				ENABLE_TESTABILITY = YES;
				GCC_C_LANGUAGE_STANDARD = gnu99;
				GCC_DYNAMIC_NO_PIC = NO;
				GCC_NO_COMMON_BLOCKS = YES;
				GCC_OPTIMIZATION_LEVEL = 0;
				GCC_PREPROCESSOR_DEFINITIONS = (
					"DEBUG=1",
					"$(inherited)",
				);
				GCC_WARN_64_TO_32_BIT_CONVERSION = YES;
				GCC_WARN_ABOUT_RETURN_TYPE = YES_ERROR;
				GCC_WARN_UNDECLARED_SELECTOR = YES;
				GCC_WARN_UNINITIALIZED_AUTOS = YES_AGGRESSIVE;
				GCC_WARN_UNUSED_FUNCTION = YES;
				GCC_WARN_UNUSED_VARIABLE = YES;
				IPHONEOS_DEPLOYMENT_TARGET = 9.1;
				MTL_ENABLE_DEBUG_INFO = YES;
				ONLY_ACTIVE_ARCH = YES;
				SDKROOT = iphoneos;
				SWIFT_OPTIMIZATION_LEVEL = "-Onone";
				TARGETED_DEVICE_FAMILY = "1,2";
			};
			name = Debug;
		};
		82AF19AC1C01141400D859D0 /* Release */ = {
			isa = XCBuildConfiguration;
			buildSettings = {
				ALWAYS_SEARCH_USER_PATHS = NO;
				CLANG_CXX_LANGUAGE_STANDARD = "gnu++0x";
				CLANG_CXX_LIBRARY = "libc++";
				CLANG_ENABLE_MODULES = YES;
				CLANG_ENABLE_OBJC_ARC = YES;
				CLANG_WARN_BOOL_CONVERSION = YES;
				CLANG_WARN_CONSTANT_CONVERSION = YES;
				CLANG_WARN_DIRECT_OBJC_ISA_USAGE = YES_ERROR;
				CLANG_WARN_EMPTY_BODY = YES;
				CLANG_WARN_ENUM_CONVERSION = YES;
				CLANG_WARN_INT_CONVERSION = YES;
				CLANG_WARN_OBJC_ROOT_CLASS = YES_ERROR;
				CLANG_WARN_UNREACHABLE_CODE = YES;
				CLANG_WARN__DUPLICATE_METHOD_MATCH = YES;
				"CODE_SIGN_IDENTITY[sdk=iphoneos*]" = "iPhone Developer";
				COPY_PHASE_STRIP = NO;
				DEBUG_INFORMATION_FORMAT = "dwarf-with-dsym";
				ENABLE_NS_ASSERTIONS = NO;
				ENABLE_STRICT_OBJC_MSGSEND = YES;
				GCC_C_LANGUAGE_STANDARD = gnu99;
				GCC_NO_COMMON_BLOCKS = YES;
				GCC_WARN_64_TO_32_BIT_CONVERSION = YES;
				GCC_WARN_ABOUT_RETURN_TYPE = YES_ERROR;
				GCC_WARN_UNDECLARED_SELECTOR = YES;
				GCC_WARN_UNINITIALIZED_AUTOS = YES_AGGRESSIVE;
				GCC_WARN_UNUSED_FUNCTION = YES;
				GCC_WARN_UNUSED_VARIABLE = YES;
				IPHONEOS_DEPLOYMENT_TARGET = 9.1;
				MTL_ENABLE_DEBUG_INFO = NO;
				SDKROOT = iphoneos;
				TARGETED_DEVICE_FAMILY = "1,2";
				VALIDATE_PRODUCT = YES;
			};
			name = Release;
		};
		82AF19AE1C01141400D859D0 /* Debug */ = {
			isa = XCBuildConfiguration;
			buildSettings = {
				ASSETCATALOG_COMPILER_APPICON_NAME = AppIcon;
				CLANG_ENABLE_MODULES = YES;
				CODE_SIGN_IDENTITY = "iPhone Developer";
				"CODE_SIGN_IDENTITY[sdk=iphoneos*]" = "iPhone Developer";
				ENABLE_BITCODE = NO;
				FRAMEWORK_SEARCH_PATHS = (
					"$(inherited)",
					"$(PROJECT_DIR)/Pay",
					It,
					Forward,
				);
				INFOPLIST_FILE = "Pay It Forward/Info.plist";
				IPHONEOS_DEPLOYMENT_TARGET = 8.0;
				LD_RUNPATH_SEARCH_PATHS = "$(inherited) @executable_path/Frameworks";
				PRODUCT_BUNDLE_IDENTIFIER = "ManavGabhawala.Pay-It-Forward";
				PRODUCT_NAME = "$(TARGET_NAME)";
				PROVISIONING_PROFILE = "";
				SWIFT_OBJC_BRIDGING_HEADER = "Pay It Forward/Pay It Forward-Bridging-Header.h";
				SWIFT_OPTIMIZATION_LEVEL = "-Onone";
			};
			name = Debug;
		};
		82AF19AF1C01141400D859D0 /* Release */ = {
			isa = XCBuildConfiguration;
			buildSettings = {
				ASSETCATALOG_COMPILER_APPICON_NAME = AppIcon;
				CLANG_ENABLE_MODULES = YES;
				CODE_SIGN_IDENTITY = "iPhone Developer";
				"CODE_SIGN_IDENTITY[sdk=iphoneos*]" = "iPhone Developer";
				ENABLE_BITCODE = NO;
				FRAMEWORK_SEARCH_PATHS = (
					"$(inherited)",
					"$(PROJECT_DIR)/Pay",
					It,
					Forward,
				);
				INFOPLIST_FILE = "Pay It Forward/Info.plist";
				IPHONEOS_DEPLOYMENT_TARGET = 8.0;
				LD_RUNPATH_SEARCH_PATHS = "$(inherited) @executable_path/Frameworks";
				PRODUCT_BUNDLE_IDENTIFIER = "ManavGabhawala.Pay-It-Forward";
				PRODUCT_NAME = "$(TARGET_NAME)";
				PROVISIONING_PROFILE = "";
				SWIFT_OBJC_BRIDGING_HEADER = "Pay It Forward/Pay It Forward-Bridging-Header.h";
			};
			name = Release;
		};
/* End XCBuildConfiguration section */

/* Begin XCConfigurationList section */
		82AF19961C01141400D859D0 /* Build configuration list for PBXProject "Pay It Forward" */ = {
			isa = XCConfigurationList;
			buildConfigurations = (
				82AF19AB1C01141400D859D0 /* Debug */,
				82AF19AC1C01141400D859D0 /* Release */,
			);
			defaultConfigurationIsVisible = 0;
			defaultConfigurationName = Release;
		};
		82AF19AD1C01141400D859D0 /* Build configuration list for PBXNativeTarget "Pay It Forward" */ = {
			isa = XCConfigurationList;
			buildConfigurations = (
				82AF19AE1C01141400D859D0 /* Debug */,
				82AF19AF1C01141400D859D0 /* Release */,
			);
			defaultConfigurationIsVisible = 0;
			defaultConfigurationName = Release;
		};
/* End XCConfigurationList section */
	};
	rootObject = 82AF19931C01141400D859D0 /* Project object */;
}
